Microsoft Visual Studio Solution File, Format Version 12.00
# Visual Studio Version 17
VisualStudioVersion = 17.5.2.0
MinimumVisualStudioVersion = 10.0.40219.1
Project("{FAE04EC0-301F-11D3-BF4B-00C04F79EFBC}") = "WebApplication10", "WebApplication10.csproj", "{AD4ADAAC-B161-F17C-10FE-006BDCD3C452}"
EndProject
Global
	GlobalSection(SolutionConfigurationPlatforms) = preSolution
		Debug|Any CPU = Debug|Any CPU
		Release|Any CPU = Release|Any CPU
	EndGlobalSection
	GlobalSection(ProjectConfigurationPlatforms) = postSolution
		{AD4ADAAC-B161-F17C-10FE-006BDCD3C452}.Debug|Any CPU.ActiveCfg = Debug|Any CPU
		{AD4ADAAC-B161-F17C-10FE-006BDCD3C452}.Debug|Any CPU.Build.0 = Debug|Any CPU
		{AD4ADAAC-B161-F17C-10FE-006BDCD3C452}.Release|Any CPU.ActiveCfg = Release|Any CPU
		{AD4ADAAC-B161-F17C-10FE-006BDCD3C452}.Release|Any CPU.Build.0 = Release|Any CPU
	EndGlobalSection
	GlobalSection(SolutionProperties) = preSolution
		HideSolutionNode = FALSE
	EndGlobalSection
	GlobalSection(ExtensibilityGlobals) = postSolution
		SolutionGuid = {098307E0-1CC3-4448-BA7C-12B4B4BB26C7}
	EndGlobalSection
EndGlobal
