Microsoft Visual Studio Solution File, Format Version 12.00
# Visual Studio Version 17
VisualStudioVersion = 17.5.2.0
MinimumVisualStudioVersion = 10.0.40219.1
Project("{FAE04EC0-301F-11D3-BF4B-00C04F79EFBC}") = "WebApplication8", "WebApplication8.csproj", "{E7C3DD74-11D8-E07A-E699-2B8E42364721}"
EndProject
Global
	GlobalSection(SolutionConfigurationPlatforms) = preSolution
		Debug|Any CPU = Debug|Any CPU
		Release|Any CPU = Release|Any CPU
	EndGlobalSection
	GlobalSection(ProjectConfigurationPlatforms) = postSolution
		{E7C3DD74-11D8-E07A-E699-2B8E42364721}.Debug|Any CPU.ActiveCfg = Debug|Any CPU
		{E7C3DD74-11D8-E07A-E699-2B8E42364721}.Debug|Any CPU.Build.0 = Debug|Any CPU
		{E7C3DD74-11D8-E07A-E699-2B8E42364721}.Release|Any CPU.ActiveCfg = Release|Any CPU
		{E7C3DD74-11D8-E07A-E699-2B8E42364721}.Release|Any CPU.Build.0 = Release|Any CPU
	EndGlobalSection
	GlobalSection(SolutionProperties) = preSolution
		HideSolutionNode = FALSE
	EndGlobalSection
	GlobalSection(ExtensibilityGlobals) = postSolution
		SolutionGuid = {D8A5F8DC-D5A6-4FCD-A7E8-925B3BE9A0A0}
	EndGlobalSection
EndGlobal
